
Microsoft Visual Studio Solution File, Format Version 12.00
# Visual Studio Version 16
VisualStudioVersion = 16.0.29519.87
MinimumVisualStudioVersion = 10.0.40219.1
Project("{FAE04EC0-301F-11D3-BF4B-00C04F79EFBC}") = "Boulangerie", "Bakery_Software\Boulangerie.csproj", "{67883E40-3F48-4FA9-9E9D-4AC990C2E8C8}"
EndProject
Global
	GlobalSection(SolutionConfigurationPlatforms) = preSolution
		Debug|Any CPU = Debug|Any CPU
		Release|Any CPU = Release|Any CPU
	EndGlobalSection
	GlobalSection(ProjectConfigurationPlatforms) = postSolution
		{67883E40-3F48-4FA9-9E9D-4AC990C2E8C8}.Debug|Any CPU.ActiveCfg = Debug|Any CPU
		{67883E40-3F48-4FA9-9E9D-4AC990C2E8C8}.Debug|Any CPU.Build.0 = Debug|Any CPU
		{67883E40-3F48-4FA9-9E9D-4AC990C2E8C8}.Release|Any CPU.ActiveCfg = Release|Any CPU
		{67883E40-3F48-4FA9-9E9D-4AC990C2E8C8}.Release|Any CPU.Build.0 = Release|Any CPU
	EndGlobalSection
	GlobalSection(SolutionProperties) = preSolution
		HideSolutionNode = FALSE
	EndGlobalSection
	GlobalSection(ExtensibilityGlobals) = postSolution
		SolutionGuid = {C57F002B-2FE2-4360-8960-915B0328E176}
	EndGlobalSection
EndGlobal
